
Microsoft Visual Studio Solution File, Format Version 12.00
# Visual Studio Version 17
VisualStudioVersion = 17.3.32929.385
MinimumVisualStudioVersion = 10.0.40219.1
Project("{9A19103F-16F7-4668-BE54-9A1E7A4F7556}") = "NetworkDeviceMonitor", "NetworkDeviceMonitor\NetworkDeviceMonitor.csproj", "{321E7F5D-16A2-4C92-9DA8-D50FFF9021C5}"
EndProject
Project("{9A19103F-16F7-4668-BE54-9A1E7A4F7556}") = "NetworkDeviceMonitor.Lib", "NetworkDeviceMonitor.Lib\NetworkDeviceMonitor.Lib.csproj", "{97A847FD-7139-48E6-8002-D273C875A301}"
EndProject
Project("{2150E333-8FDC-42A3-9474-1A3956D46DE8}") = "tests", "tests", "{B51D00D5-E22A-4B3C-98F2-D604B9E1AA64}"
EndProject
Project("{9A19103F-16F7-4668-BE54-9A1E7A4F7556}") = "NetworkDeviceMonitor.core.tests", "tests\NetworkDeviceMonitor.core.tests\NetworkDeviceMonitor.core.tests.csproj", "{FD440011-3FFD-4887-A5B3-4ED92EF48A16}"
EndProject
Global
	GlobalSection(SolutionConfigurationPlatforms) = preSolution
		Debug|Any CPU = Debug|Any CPU
		Release|Any CPU = Release|Any CPU
	EndGlobalSection
	GlobalSection(ProjectConfigurationPlatforms) = postSolution
		{321E7F5D-16A2-4C92-9DA8-D50FFF9021C5}.Debug|Any CPU.ActiveCfg = Debug|Any CPU
		{321E7F5D-16A2-4C92-9DA8-D50FFF9021C5}.Debug|Any CPU.Build.0 = Debug|Any CPU
		{321E7F5D-16A2-4C92-9DA8-D50FFF9021C5}.Release|Any CPU.ActiveCfg = Release|Any CPU
		{321E7F5D-16A2-4C92-9DA8-D50FFF9021C5}.Release|Any CPU.Build.0 = Release|Any CPU
		{97A847FD-7139-48E6-8002-D273C875A301}.Debug|Any CPU.ActiveCfg = Debug|Any CPU
		{97A847FD-7139-48E6-8002-D273C875A301}.Debug|Any CPU.Build.0 = Debug|Any CPU
		{97A847FD-7139-48E6-8002-D273C875A301}.Release|Any CPU.ActiveCfg = Release|Any CPU
		{97A847FD-7139-48E6-8002-D273C875A301}.Release|Any CPU.Build.0 = Release|Any CPU
		{FD440011-3FFD-4887-A5B3-4ED92EF48A16}.Debug|Any CPU.ActiveCfg = Debug|Any CPU
		{FD440011-3FFD-4887-A5B3-4ED92EF48A16}.Debug|Any CPU.Build.0 = Debug|Any CPU
		{FD440011-3FFD-4887-A5B3-4ED92EF48A16}.Release|Any CPU.ActiveCfg = Release|Any CPU
		{FD440011-3FFD-4887-A5B3-4ED92EF48A16}.Release|Any CPU.Build.0 = Release|Any CPU
	EndGlobalSection
	GlobalSection(SolutionProperties) = preSolution
		HideSolutionNode = FALSE
	EndGlobalSection
	GlobalSection(NestedProjects) = preSolution
		{FD440011-3FFD-4887-A5B3-4ED92EF48A16} = {B51D00D5-E22A-4B3C-98F2-D604B9E1AA64}
	EndGlobalSection
	GlobalSection(ExtensibilityGlobals) = postSolution
		SolutionGuid = {DCBFFA35-F23B-497C-9BB5-A726020081FA}
	EndGlobalSection
EndGlobal
